// !$*UTF8*$!
{
	archiveVersion = 1;
	classes = {
	};
	objectVersion = 46;
	objects = {

/* Begin PBXBuildFile section */
		58C8618F1F63961500FE1ED7 /* AppDelegate.swift in Sources */ = {isa = PBXBuildFile; fileRef = 58C8618E1F63961500FE1ED7 /* AppDelegate.swift */; };
		58C861911F63961500FE1ED7 /* ViewController.swift in Sources */ = {isa = PBXBuildFile; fileRef = 58C861901F63961500FE1ED7 /* ViewController.swift */; };
		58C861941F63961500FE1ED7 /* Main.storyboard in Resources */ = {isa = PBXBuildFile; fileRef = 58C861921F63961500FE1ED7 /* Main.storyboard */; };
		58C861961F63961500FE1ED7 /* Assets.xcassets in Resources */ = {isa = PBXBuildFile; fileRef = 58C861951F63961500FE1ED7 /* Assets.xcassets */; };
		58C861991F63961500FE1ED7 /* LaunchScreen.storyboard in Resources */ = {isa = PBXBuildFile; fileRef = 58C861971F63961500FE1ED7 /* LaunchScreen.storyboard */; };
		58C861A41F63961500FE1ED7 /* hello_iosTests.swift in Sources */ = {isa = PBXBuildFile; fileRef = 58C861A31F63961500FE1ED7 /* hello_iosTests.swift */; };
		58C861AF1F63961500FE1ED7 /* hello_iosUITests.swift in Sources */ = {isa = PBXBuildFile; fileRef = 58C861AE1F63961500FE1ED7 /* hello_iosUITests.swift */; };
/* End PBXBuildFile section */

/* Begin PBXContainerItemProxy section */
		58C861A01F63961500FE1ED7 /* PBXContainerItemProxy */ = {
			isa = PBXContainerItemProxy;
			containerPortal = 58C861831F63961500FE1ED7 /* Project object */;
			proxyType = 1;
			remoteGlobalIDString = 58C8618A1F63961500FE1ED7;
			remoteInfo = hello_ios;
		};
		58C861AB1F63961500FE1ED7 /* PBXContainerItemProxy */ = {
			isa = PBXContainerItemProxy;
			containerPortal = 58C861831F63961500FE1ED7 /* Project object */;
			proxyType = 1;
			remoteGlobalIDString = 58C8618A1F63961500FE1ED7;
			remoteInfo = hello_ios;
		};
/* End PBXContainerItemProxy section */

/* Begin PBXFileReference section */
		58C8618B1F63961500FE1ED7 /* hello_ios.app */ = {isa = PBXFileReference; explicitFileType = wrapper.application; includeInIndex = 0; path = hello_ios.app; sourceTree = BUILT_PRODUCTS_DIR; };
		58C8618E1F63961500FE1ED7 /* AppDelegate.swift */ = {isa = PBXFileReference; lastKnownFileType = sourcecode.swift; path = AppDelegate.swift; sourceTree = "<group>"; };
		58C861901F63961500FE1ED7 /* ViewController.swift */ = {isa = PBXFileReference; lastKnownFileType = sourcecode.swift; path = ViewController.swift; sourceTree = "<group>"; };
		58C861931F63961500FE1ED7 /* Base */ = {isa = PBXFileReference; lastKnownFileType = file.storyboard; name = Base; path = Base.lproj/Main.storyboard; sourceTree = "<group>"; };
		58C861951F63961500FE1ED7 /* Assets.xcassets */ = {isa = PBXFileReference; lastKnownFileType = folder.assetcatalog; path = Assets.xcassets; sourceTree = "<group>"; };
		58C861981F63961500FE1ED7 /* Base */ = {isa = PBXFileReference; lastKnownFileType = file.storyboard; name = Base; path = Base.lproj/LaunchScreen.storyboard; sourceTree = "<group>"; };
		58C8619A1F63961500FE1ED7 /* Info.plist */ = {isa = PBXFileReference; lastKnownFileType = text.plist.xml; path = Info.plist; sourceTree = "<group>"; };
		58C8619F1F63961500FE1ED7 /* hello_iosTests.xctest */ = {isa = PBXFileReference; explicitFileType = wrapper.cfbundle; includeInIndex = 0; path = hello_iosTests.xctest; sourceTree = BUILT_PRODUCTS_DIR; };
		58C861A31F63961500FE1ED7 /* hello_iosTests.swift */ = {isa = PBXFileReference; lastKnownFileType = sourcecode.swift; path = hello_iosTests.swift; sourceTree = "<group>"; };
		58C861A51F63961500FE1ED7 /* Info.plist */ = {isa = PBXFileReference; lastKnownFileType = text.plist.xml; path = Info.plist; sourceTree = "<group>"; };
		58C861AA1F63961500FE1ED7 /* hello_iosUITests.xctest */ = {isa = PBXFileReference; explicitFileType = wrapper.cfbundle; includeInIndex = 0; path = hello_iosUITests.xctest; sourceTree = BUILT_PRODUCTS_DIR; };
		58C861AE1F63961500FE1ED7 /* hello_iosUITests.swift */ = {isa = PBXFileReference; lastKnownFileType = sourcecode.swift; path = hello_iosUITests.swift; sourceTree = "<group>"; };
		58C861B01F63961500FE1ED7 /* Info.plist */ = {isa = PBXFileReference; lastKnownFileType = text.plist.xml; path = Info.plist; sourceTree = "<group>"; };
/* End PBXFileReference section */

/* Begin PBXFrameworksBuildPhase section */
		58C861881F63961500FE1ED7 /* Frameworks */ = {
			isa = PBXFrameworksBuildPhase;
			buildActionMask = 2147483647;
			files = (
			);
			runOnlyForDeploymentPostprocessing = 0;
		};
		58C8619C1F63961500FE1ED7 /* Frameworks */ = {
			isa = PBXFrameworksBuildPhase;
			buildActionMask = 2147483647;
			files = (
			);
			runOnlyForDeploymentPostprocessing = 0;
		};
		58C861A71F63961500FE1ED7 /* Frameworks */ = {
			isa = PBXFrameworksBuildPhase;
			buildActionMask = 2147483647;
			files = (
			);
			runOnlyForDeploymentPostprocessing = 0;
		};
/* End PBXFrameworksBuildPhase section */

/* Begin PBXGroup section */
		58C861821F63961500FE1ED7 = {
			isa = PBXGroup;
			children = (
				58C8618D1F63961500FE1ED7 /* hello_ios */,
				58C861A21F63961500FE1ED7 /* hello_iosTests */,
				58C861AD1F63961500FE1ED7 /* hello_iosUITests */,
				58C8618C1F63961500FE1ED7 /* Products */,
			);
			sourceTree = "<group>";
		};
		58C8618C1F63961500FE1ED7 /* Products */ = {
			isa = PBXGroup;
			children = (
				58C8618B1F63961500FE1ED7 /* hello_ios.app */,
				58C8619F1F63961500FE1ED7 /* hello_iosTests.xctest */,
				58C861AA1F63961500FE1ED7 /* hello_iosUITests.xctest */,
			);
			name = Products;
			sourceTree = "<group>";
		};
		58C8618D1F63961500FE1ED7 /* hello_ios */ = {
			isa = PBXGroup;
			children = (
				58C8618E1F63961500FE1ED7 /* AppDelegate.swift */,
				58C861901F63961500FE1ED7 /* ViewController.swift */,
				58C861921F63961500FE1ED7 /* Main.storyboard */,
				58C861951F63961500FE1ED7 /* Assets.xcassets */,
				58C861971F63961500FE1ED7 /* LaunchScreen.storyboard */,
				58C8619A1F63961500FE1ED7 /* Info.plist */,
			);
			path = hello_ios;
			sourceTree = "<group>";
		};
		58C861A21F63961500FE1ED7 /* hello_iosTests */ = {
			isa = PBXGroup;
			children = (
				58C861A31F63961500FE1ED7 /* hello_iosTests.swift */,
				58C861A51F63961500FE1ED7 /* Info.plist */,
			);
			path = hello_iosTests;
			sourceTree = "<group>";
		};
		58C861AD1F63961500FE1ED7 /* hello_iosUITests */ = {
			isa = PBXGroup;
			children = (
				58C861AE1F63961500FE1ED7 /* hello_iosUITests.swift */,
				58C861B01F63961500FE1ED7 /* Info.plist */,
			);
			path = hello_iosUITests;
			sourceTree = "<group>";
		};
/* End PBXGroup section */

/* Begin PBXNativeTarget section */
		58C8618A1F63961500FE1ED7 /* hello_ios */ = {
			isa = PBXNativeTarget;
			buildConfigurationList = 58C861B31F63961500FE1ED7 /* Build configuration list for PBXNativeTarget "hello_ios" */;
			buildPhases = (
				58C861871F63961500FE1ED7 /* Sources */,
				58C861881F63961500FE1ED7 /* Frameworks */,
				58C861891F63961500FE1ED7 /* Resources */,
			);
			buildRules = (
			);
			dependencies = (
			);
			name = hello_ios;
			productName = hello_ios;
			productReference = 58C8618B1F63961500FE1ED7 /* hello_ios.app */;
			productType = "com.apple.product-type.application";
		};
		58C8619E1F63961500FE1ED7 /* hello_iosTests */ = {
			isa = PBXNativeTarget;
			buildConfigurationList = 58C861B61F63961500FE1ED7 /* Build configuration list for PBXNativeTarget "hello_iosTests" */;
			buildPhases = (
				58C8619B1F63961500FE1ED7 /* Sources */,
				58C8619C1F63961500FE1ED7 /* Frameworks */,
				58C8619D1F63961500FE1ED7 /* Resources */,
			);
			buildRules = (
			);
			dependencies = (
				58C861A11F63961500FE1ED7 /* PBXTargetDependency */,
			);
			name = hello_iosTests;
			productName = hello_iosTests;
			productReference = 58C8619F1F63961500FE1ED7 /* hello_iosTests.xctest */;
			productType = "com.apple.product-type.bundle.unit-test";
		};
		58C861A91F63961500FE1ED7 /* hello_iosUITests */ = {
			isa = PBXNativeTarget;
			buildConfigurationList = 58C861B91F63961500FE1ED7 /* Build configuration list for PBXNativeTarget "hello_iosUITests" */;
			buildPhases = (
				58C861A61F63961500FE1ED7 /* Sources */,
				58C861A71F63961500FE1ED7 /* Frameworks */,
				58C861A81F63961500FE1ED7 /* Resources */,
			);
			buildRules = (
			);
			dependencies = (
				58C861AC1F63961500FE1ED7 /* PBXTargetDependency */,
			);
			name = hello_iosUITests;
			productName = hello_iosUITests;
			productReference = 58C861AA1F63961500FE1ED7 /* hello_iosUITests.xctest */;
			productType = "com.apple.product-type.bundle.ui-testing";
		};
/* End PBXNativeTarget section */

/* Begin PBXProject section */
		58C861831F63961500FE1ED7 /* Project object */ = {
			isa = PBXProject;
			attributes = {
				LastSwiftUpdateCheck = 0830;
				LastUpgradeCheck = 0830;
				ORGANIZATIONNAME = TAWATER;
				TargetAttributes = {
					58C8618A1F63961500FE1ED7 = {
						CreatedOnToolsVersion = 8.3.3;
						ProvisioningStyle = Automatic;
					};
					58C8619E1F63961500FE1ED7 = {
						CreatedOnToolsVersion = 8.3.3;
						ProvisioningStyle = Automatic;
						TestTargetID = 58C8618A1F63961500FE1ED7;
					};
					58C861A91F63961500FE1ED7 = {
						CreatedOnToolsVersion = 8.3.3;
						ProvisioningStyle = Automatic;
						TestTargetID = 58C8618A1F63961500FE1ED7;
					};
				};
			};
			buildConfigurationList = 58C861861F63961500FE1ED7 /* Build configuration list for PBXProject "hello_ios" */;
			compatibilityVersion = "Xcode 3.2";
			developmentRegion = English;
			hasScannedForEncodings = 0;
			knownRegions = (
				en,
				Base,
			);
			mainGroup = 58C861821F63961500FE1ED7;
			productRefGroup = 58C8618C1F63961500FE1ED7 /* Products */;
			projectDirPath = "";
			projectRoot = "";
			targets = (
				58C8618A1F63961500FE1ED7 /* hello_ios */,
				58C8619E1F63961500FE1ED7 /* hello_iosTests */,
				58C861A91F63961500FE1ED7 /* hello_iosUITests */,
			);
		};
/* End PBXProject section */

/* Begin PBXResourcesBuildPhase section */
		58C861891F63961500FE1ED7 /* Resources */ = {
			isa = PBXResourcesBuildPhase;
			buildActionMask = 2147483647;
			files = (
				58C861991F63961500FE1ED7 /* LaunchScreen.storyboard in Resources */,
				58C861961F63961500FE1ED7 /* Assets.xcassets in Resources */,
				58C861941F63961500FE1ED7 /* Main.storyboard in Resources */,
			);
			runOnlyForDeploymentPostprocessing = 0;
		};
		58C8619D1F63961500FE1ED7 /* Resources */ = {
			isa = PBXResourcesBuildPhase;
			buildActionMask = 2147483647;
			files = (
			);
			runOnlyForDeploymentPostprocessing = 0;
		};
		58C861A81F63961500FE1ED7 /* Resources */ = {
			isa = PBXResourcesBuildPhase;
			buildActionMask = 2147483647;
			files = (
			);
			runOnlyForDeploymentPostprocessing = 0;
		};
/* End PBXResourcesBuildPhase section */

/* Begin PBXSourcesBuildPhase section */
		58C861871F63961500FE1ED7 /* Sources */ = {
			isa = PBXSourcesBuildPhase;
			buildActionMask = 2147483647;
			files = (
				58C861911F63961500FE1ED7 /* ViewController.swift in Sources */,
				58C8618F1F63961500FE1ED7 /* AppDelegate.swift in Sources */,
			);
			runOnlyForDeploymentPostprocessing = 0;
		};
		58C8619B1F63961500FE1ED7 /* Sources */ = {
			isa = PBXSourcesBuildPhase;
			buildActionMask = 2147483647;
			files = (
				58C861A41F63961500FE1ED7 /* hello_iosTests.swift in Sources */,
			);
			runOnlyForDeploymentPostprocessing = 0;
		};
		58C861A61F63961500FE1ED7 /* Sources */ = {
			isa = PBXSourcesBuildPhase;
			buildActionMask = 2147483647;
			files = (
				58C861AF1F63961500FE1ED7 /* hello_iosUITests.swift in Sources */,
			);
			runOnlyForDeploymentPostprocessing = 0;
		};
/* End PBXSourcesBuildPhase section */

/* Begin PBXTargetDependency section */
		58C861A11F63961500FE1ED7 /* PBXTargetDependency */ = {
			isa = PBXTargetDependency;
			target = 58C8618A1F63961500FE1ED7 /* hello_ios */;
			targetProxy = 58C861A01F63961500FE1ED7 /* PBXContainerItemProxy */;
		};
		58C861AC1F63961500FE1ED7 /* PBXTargetDependency */ = {
			isa = PBXTargetDependency;
			target = 58C8618A1F63961500FE1ED7 /* hello_ios */;
			targetProxy = 58C861AB1F63961500FE1ED7 /* PBXContainerItemProxy */;
		};
/* End PBXTargetDependency section */

/* Begin PBXVariantGroup section */
		58C861921F63961500FE1ED7 /* Main.storyboard */ = {
			isa = PBXVariantGroup;
			children = (
				58C861931F63961500FE1ED7 /* Base */,
			);
			name = Main.storyboard;
			sourceTree = "<group>";
		};
		58C861971F63961500FE1ED7 /* LaunchScreen.storyboard */ = {
			isa = PBXVariantGroup;
			children = (
				58C861981F63961500FE1ED7 /* Base */,
			);
			name = LaunchScreen.storyboard;
			sourceTree = "<group>";
		};
/* End PBXVariantGroup section */

/* Begin XCBuildConfiguration section */
		58C861B11F63961500FE1ED7 /* Debug */ = {
			isa = XCBuildConfiguration;
			buildSettings = {
				ALWAYS_SEARCH_USER_PATHS = NO;
				CLANG_ANALYZER_NONNULL = YES;
				CLANG_ANALYZER_NUMBER_OBJECT_CONVERSION = YES_AGGRESSIVE;
				CLANG_CXX_LANGUAGE_STANDARD = "gnu++0x";
				CLANG_CXX_LIBRARY = "libc++";
				CLANG_ENABLE_MODULES = YES;
				CLANG_ENABLE_OBJC_ARC = YES;
				CLANG_WARN_BOOL_CONVERSION = YES;
				CLANG_WARN_CONSTANT_CONVERSION = YES;
				CLANG_WARN_DIRECT_OBJC_ISA_USAGE = YES_ERROR;
				CLANG_WARN_DOCUMENTATION_COMMENTS = YES;
				CLANG_WARN_EMPTY_BODY = YES;
				CLANG_WARN_ENUM_CONVERSION = YES;
				CLANG_WARN_INFINITE_RECURSION = YES;
				CLANG_WARN_INT_CONVERSION = YES;
				CLANG_WARN_OBJC_ROOT_CLASS = YES_ERROR;
				CLANG_WARN_SUSPICIOUS_MOVE = YES;
				CLANG_WARN_UNREACHABLE_CODE = YES;
				CLANG_WARN__DUPLICATE_METHOD_MATCH = YES;
				"CODE_SIGN_IDENTITY[sdk=iphoneos*]" = "iPhone Developer";
				COPY_PHASE_STRIP = NO;
				DEBUG_INFORMATION_FORMAT = dwarf;
				ENABLE_STRICT_OBJC_MSGSEND = YES;
				ENABLE_TESTABILITY = YES;
				GCC_C_LANGUAGE_STANDARD = gnu99;
				GCC_DYNAMIC_NO_PIC = NO;
				GCC_NO_COMMON_BLOCKS = YES;
				GCC_OPTIMIZATION_LEVEL = 0;
				GCC_PREPROCESSOR_DEFINITIONS = (
					"DEBUG=1",
					"$(inherited)",
				);
				GCC_WARN_64_TO_32_BIT_CONVERSION = YES;
				GCC_WARN_ABOUT_RETURN_TYPE = YES_ERROR;
				GCC_WARN_UNDECLARED_SELECTOR = YES;
				GCC_WARN_UNINITIALIZED_AUTOS = YES_AGGRESSIVE;
				GCC_WARN_UNUSED_FUNCTION = YES;
				GCC_WARN_UNUSED_VARIABLE = YES;
				IPHONEOS_DEPLOYMENT_TARGET = 10.3;
				MTL_ENABLE_DEBUG_INFO = YES;
				ONLY_ACTIVE_ARCH = YES;
				SDKROOT = iphoneos;
				SWIFT_ACTIVE_COMPILATION_CONDITIONS = DEBUG;
				SWIFT_OPTIMIZATION_LEVEL = "-Onone";
				TARGETED_DEVICE_FAMILY = "1,2";
			};
			name = Debug;
		};
		58C861B21F63961500FE1ED7 /* Release */ = {
			isa = XCBuildConfiguration;
			buildSettings = {
				ALWAYS_SEARCH_USER_PATHS = NO;
				CLANG_ANALYZER_NONNULL = YES;
				CLANG_ANALYZER_NUMBER_OBJECT_CONVERSION = YES_AGGRESSIVE;
				CLANG_CXX_LANGUAGE_STANDARD = "gnu++0x";
				CLANG_CXX_LIBRARY = "libc++";
				CLANG_ENABLE_MODULES = YES;
				CLANG_ENABLE_OBJC_ARC = YES;
				CLANG_WARN_BOOL_CONVERSION = YES;
				CLANG_WARN_CONSTANT_CONVERSION = YES;
				CLANG_WARN_DIRECT_OBJC_ISA_USAGE = YES_ERROR;
				CLANG_WARN_DOCUMENTATION_COMMENTS = YES;
				CLANG_WARN_EMPTY_BODY = YES;
				CLANG_WARN_ENUM_CONVERSION = YES;
				CLANG_WARN_INFINITE_RECURSION = YES;
				CLANG_WARN_INT_CONVERSION = YES;
				CLANG_WARN_OBJC_ROOT_CLASS = YES_ERROR;
				CLANG_WARN_SUSPICIOUS_MOVE = YES;
				CLANG_WARN_UNREACHABLE_CODE = YES;
				CLANG_WARN__DUPLICATE_METHOD_MATCH = YES;
				"CODE_SIGN_IDENTITY[sdk=iphoneos*]" = "iPhone Developer";
				COPY_PHASE_STRIP = NO;
				DEBUG_INFORMATION_FORMAT = "dwarf-with-dsym";
				ENABLE_NS_ASSERTIONS = NO;
				ENABLE_STRICT_OBJC_MSGSEND = YES;
				GCC_C_LANGUAGE_STANDARD = gnu99;
				GCC_NO_COMMON_BLOCKS = YES;
				GCC_WARN_64_TO_32_BIT_CONVERSION = YES;
				GCC_WARN_ABOUT_RETURN_TYPE = YES_ERROR;
				GCC_WARN_UNDECLARED_SELECTOR = YES;
				GCC_WARN_UNINITIALIZED_AUTOS = YES_AGGRESSIVE;
				GCC_WARN_UNUSED_FUNCTION = YES;
				GCC_WARN_UNUSED_VARIABLE = YES;
				IPHONEOS_DEPLOYMENT_TARGET = 10.3;
				MTL_ENABLE_DEBUG_INFO = NO;
				SDKROOT = iphoneos;
				SWIFT_OPTIMIZATION_LEVEL = "-Owholemodule";
				TARGETED_DEVICE_FAMILY = "1,2";
				VALIDATE_PRODUCT = YES;
			};
			name = Release;
		};
		58C861B41F63961500FE1ED7 /* Debug */ = {
			isa = XCBuildConfiguration;
			buildSettings = {
				ASSETCATALOG_COMPILER_APPICON_NAME = AppIcon;
				INFOPLIST_FILE = hello_ios/Info.plist;
				LD_RUNPATH_SEARCH_PATHS = "$(inherited) @executable_path/Frameworks";
				PRODUCT_BUNDLE_IDENTIFIER = "app.TAWATER.hello-ios";
				PRODUCT_NAME = "$(TARGET_NAME)";
				SWIFT_VERSION = 3.0;
			};
			name = Debug;
		};
		58C861B51F63961500FE1ED7 /* Release */ = {
			isa = XCBuildConfiguration;
			buildSettings = {
				ASSETCATALOG_COMPILER_APPICON_NAME = AppIcon;
				INFOPLIST_FILE = hello_ios/Info.plist;
				LD_RUNPATH_SEARCH_PATHS = "$(inherited) @executable_path/Frameworks";
				PRODUCT_BUNDLE_IDENTIFIER = "app.TAWATER.hello-ios";
				PRODUCT_NAME = "$(TARGET_NAME)";
				SWIFT_VERSION = 3.0;
			};
			name = Release;
		};
		58C861B71F63961500FE1ED7 /* Debug */ = {
			isa = XCBuildConfiguration;
			buildSettings = {
				ALWAYS_EMBED_SWIFT_STANDARD_LIBRARIES = YES;
				BUNDLE_LOADER = "$(TEST_HOST)";
				INFOPLIST_FILE = hello_iosTests/Info.plist;
				LD_RUNPATH_SEARCH_PATHS = "$(inherited) @executable_path/Frameworks @loader_path/Frameworks";
				PRODUCT_BUNDLE_IDENTIFIER = "app.TAWATER.hello-iosTests";
				PRODUCT_NAME = "$(TARGET_NAME)";
				SWIFT_VERSION = 3.0;
				TEST_HOST = "$(BUILT_PRODUCTS_DIR)/hello_ios.app/hello_ios";
			};
			name = Debug;
		};
		58C861B81F63961500FE1ED7 /* Release */ = {
			isa = XCBuildConfiguration;
			buildSettings = {
				ALWAYS_EMBED_SWIFT_STANDARD_LIBRARIES = YES;
				BUNDLE_LOADER = "$(TEST_HOST)";
				INFOPLIST_FILE = hello_iosTests/Info.plist;
				LD_RUNPATH_SEARCH_PATHS = "$(inherited) @executable_path/Frameworks @loader_path/Frameworks";
				PRODUCT_BUNDLE_IDENTIFIER = "app.TAWATER.hello-iosTests";
				PRODUCT_NAME = "$(TARGET_NAME)";
				SWIFT_VERSION = 3.0;
				TEST_HOST = "$(BUILT_PRODUCTS_DIR)/hello_ios.app/hello_ios";
			};
			name = Release;
		};
		58C861BA1F63961500FE1ED7 /* Debug */ = {
			isa = XCBuildConfiguration;
			buildSettings = {
				ALWAYS_EMBED_SWIFT_STANDARD_LIBRARIES = YES;
				INFOPLIST_FILE = hello_iosUITests/Info.plist;
				LD_RUNPATH_SEARCH_PATHS = "$(inherited) @executable_path/Frameworks @loader_path/Frameworks";
				PRODUCT_BUNDLE_IDENTIFIER = "app.TAWATER.hello-iosUITests";
				PRODUCT_NAME = "$(TARGET_NAME)";
				SWIFT_VERSION = 3.0;
				TEST_TARGET_NAME = hello_ios;
			};
			name = Debug;
		};
		58C861BB1F63961500FE1ED7 /* Release */ = {
			isa = XCBuildConfiguration;
			buildSettings = {
				ALWAYS_EMBED_SWIFT_STANDARD_LIBRARIES = YES;
				INFOPLIST_FILE = hello_iosUITests/Info.plist;
				LD_RUNPATH_SEARCH_PATHS = "$(inherited) @executable_path/Frameworks @loader_path/Frameworks";
				PRODUCT_BUNDLE_IDENTIFIER = "app.TAWATER.hello-iosUITests";
				PRODUCT_NAME = "$(TARGET_NAME)";
				SWIFT_VERSION = 3.0;
				TEST_TARGET_NAME = hello_ios;
			};
			name = Release;
		};
/* End XCBuildConfiguration section */

/* Begin XCConfigurationList section */
		58C861861F63961500FE1ED7 /* Build configuration list for PBXProject "hello_ios" */ = {
			isa = XCConfigurationList;
			buildConfigurations = (
				58C861B11F63961500FE1ED7 /* Debug */,
				58C861B21F63961500FE1ED7 /* Release */,
			);
			defaultConfigurationIsVisible = 0;
			defaultConfigurationName = Release;
		};
		58C861B31F63961500FE1ED7 /* Build configuration list for PBXNativeTarget "hello_ios" */ = {
			isa = XCConfigurationList;
			buildConfigurations = (
				58C861B41F63961500FE1ED7 /* Debug */,
				58C861B51F63961500FE1ED7 /* Release */,
			);
			defaultConfigurationIsVisible = 0;
		};
		58C861B61F63961500FE1ED7 /* Build configuration list for PBXNativeTarget "hello_iosTests" */ = {
			isa = XCConfigurationList;
			buildConfigurations = (
				58C861B71F63961500FE1ED7 /* Debug */,
				58C861B81F63961500FE1ED7 /* Release */,
			);
			defaultConfigurationIsVisible = 0;
		};
		58C861B91F63961500FE1ED7 /* Build configuration list for PBXNativeTarget "hello_iosUITests" */ = {
			isa = XCConfigurationList;
			buildConfigurations = (
				58C861BA1F63961500FE1ED7 /* Debug */,
				58C861BB1F63961500FE1ED7 /* Release */,
			);
			defaultConfigurationIsVisible = 0;
		};
/* End XCConfigurationList section */
	};
	rootObject = 58C861831F63961500FE1ED7 /* Project object */;
}
